
Microsoft Visual Studio Solution File, Format Version 12.00
# Visual Studio Version 17
VisualStudioVersion = 17.14.36623.8 d17.14
MinimumVisualStudioVersion = 10.0.40219.1
Project("{FAE04EC0-301F-11D3-BF4B-00C04F79EFBC}") = "OrderApp", "OrderApp\OrderApp.csproj", "{0ADD8D51-78E1-499A-AF5C-FF716E1E1261}"
EndProject
Global
	GlobalSection(SolutionConfigurationPlatforms) = preSolution
		Debug|Any CPU = Debug|Any CPU
		Release|Any CPU = Release|Any CPU
	EndGlobalSection
	GlobalSection(ProjectConfigurationPlatforms) = postSolution
		{0ADD8D51-78E1-499A-AF5C-FF716E1E1261}.Debug|Any CPU.ActiveCfg = Debug|Any CPU
		{0ADD8D51-78E1-499A-AF5C-FF716E1E1261}.Debug|Any CPU.Build.0 = Debug|Any CPU
		{0ADD8D51-78E1-499A-AF5C-FF716E1E1261}.Release|Any CPU.ActiveCfg = Release|Any CPU
		{0ADD8D51-78E1-499A-AF5C-FF716E1E1261}.Release|Any CPU.Build.0 = Release|Any CPU
	EndGlobalSection
	GlobalSection(SolutionProperties) = preSolution
		HideSolutionNode = FALSE
	EndGlobalSection
	GlobalSection(ExtensibilityGlobals) = postSolution
		SolutionGuid = {60542925-592B-4B59-BB22-70A811D92B39}
	EndGlobalSection
EndGlobal
